
Microsoft Visual Studio Solution File, Format Version 12.00
# Visual Studio Version 18
VisualStudioVersion = 18.6.11822.322 stable
MinimumVisualStudioVersion = 10.0.40219.1
Project("{FAE04EC0-301F-11D3-BF4B-00C04F79EFBC}") = "ExifCleaner", "ExifCleaner\ExifCleaner.csproj", "{08C140D5-BB3D-4F3C-824F-7201DE31F22B}"
EndProject
Project("{2150E333-8FDC-42A3-9474-1A3956D46DE8}") = "Položky řešení", "Položky řešení", "{4EBC4558-4BB3-48F5-900B-B218A87B45C9}"
EndProject
Global
	GlobalSection(SolutionConfigurationPlatforms) = preSolution
		Debug|Any CPU = Debug|Any CPU
		Release|Any CPU = Release|Any CPU
	EndGlobalSection
	GlobalSection(ProjectConfigurationPlatforms) = postSolution
		{08C140D5-BB3D-4F3C-824F-7201DE31F22B}.Debug|Any CPU.ActiveCfg = Debug|Any CPU
		{08C140D5-BB3D-4F3C-824F-7201DE31F22B}.Debug|Any CPU.Build.0 = Debug|Any CPU
		{08C140D5-BB3D-4F3C-824F-7201DE31F22B}.Release|Any CPU.ActiveCfg = Release|Any CPU
		{08C140D5-BB3D-4F3C-824F-7201DE31F22B}.Release|Any CPU.Build.0 = Release|Any CPU
	EndGlobalSection
	GlobalSection(SolutionProperties) = preSolution
		HideSolutionNode = FALSE
	EndGlobalSection
	GlobalSection(ExtensibilityGlobals) = postSolution
		SolutionGuid = {89A5364F-172A-40C1-BDF6-B20309C58042}
	EndGlobalSection
EndGlobal
